
Microsoft Visual Studio Solution File, Format Version 12.00
# Visual Studio Version 16
VisualStudioVersion = 16.0.31424.327
MinimumVisualStudioVersion = 10.0.40219.1
Project("{FAE04EC0-301F-11D3-BF4B-00C04F79EFBC}") = "TreeViewApp", "TreeViewApp\TreeViewApp.csproj", "{D39FF74D-E295-4D63-B2A1-AA62AC3964FE}"
EndProject
Global
	GlobalSection(SolutionConfigurationPlatforms) = preSolution
		Debug|Any CPU = Debug|Any CPU
		Release|Any CPU = Release|Any CPU
	EndGlobalSection
	GlobalSection(ProjectConfigurationPlatforms) = postSolution
		{D39FF74D-E295-4D63-B2A1-AA62AC3964FE}.Debug|Any CPU.ActiveCfg = Debug|Any CPU
		{D39FF74D-E295-4D63-B2A1-AA62AC3964FE}.Debug|Any CPU.Build.0 = Debug|Any CPU
		{D39FF74D-E295-4D63-B2A1-AA62AC3964FE}.Release|Any CPU.ActiveCfg = Release|Any CPU
		{D39FF74D-E295-4D63-B2A1-AA62AC3964FE}.Release|Any CPU.Build.0 = Release|Any CPU
	EndGlobalSection
	GlobalSection(SolutionProperties) = preSolution
		HideSolutionNode = FALSE
	EndGlobalSection
	GlobalSection(ExtensibilityGlobals) = postSolution
		SolutionGuid = {D1933EB4-5B89-46A6-830F-7859881054CD}
	EndGlobalSection
EndGlobal
